
Microsoft Visual Studio Solution File, Format Version 11.00
# Visual Studio 2010
Project("{F184B08F-C81C-45F6-A57F-5ABD9991F28F}") = "Date_Converter", "Date_Converter\Date_Converter.vbproj", "{53D3857F-FD39-4598-A208-A622E82C6723}"
EndProject
Global
	GlobalSection(SolutionConfigurationPlatforms) = preSolution
		Debug|Any CPU = Debug|Any CPU
		Release|Any CPU = Release|Any CPU
	EndGlobalSection
	GlobalSection(ProjectConfigurationPlatforms) = postSolution
		{53D3857F-FD39-4598-A208-A622E82C6723}.Debug|Any CPU.ActiveCfg = Debug|Any CPU
		{53D3857F-FD39-4598-A208-A622E82C6723}.Debug|Any CPU.Build.0 = Debug|Any CPU
		{53D3857F-FD39-4598-A208-A622E82C6723}.Release|Any CPU.ActiveCfg = Release|Any CPU
		{53D3857F-FD39-4598-A208-A622E82C6723}.Release|Any CPU.Build.0 = Release|Any CPU
	EndGlobalSection
	GlobalSection(SolutionProperties) = preSolution
		HideSolutionNode = FALSE
	EndGlobalSection
EndGlobal
